
Microsoft Visual Studio Solution File, Format Version 12.00
# Visual Studio 2013
VisualStudioVersion = 12.0.31101.0
MinimumVisualStudioVersion = 10.0.40219.1
Project("{FAE04EC0-301F-11D3-BF4B-00C04F79EFBC}") = "WpfCursus", "WpfCursus\WpfCursus.csproj", "{2E39BCEE-B363-4974-A73F-02B3647CE4EB}"
EndProject
Project("{FAE04EC0-301F-11D3-BF4B-00C04F79EFBC}") = "OpdrachtVerkeerslicht", "OpdrachtVerkeerslicht\OpdrachtVerkeerslicht.csproj", "{EA293200-EDE8-47BF-832A-D7AB17F99C69}"
EndProject
Project("{FAE04EC0-301F-11D3-BF4B-00C04F79EFBC}") = "TekstVerwerken", "TekstVerwerken\TekstVerwerken.csproj", "{D928DBAD-B3E7-4635-AE37-107C46124E1C}"
EndProject
Project("{FAE04EC0-301F-11D3-BF4B-00C04F79EFBC}") = "ButtonGebruik", "ButtonGebruik\ButtonGebruik.csproj", "{9A1138B4-1920-4679-994C-FFF6BFA26EBF}"
EndProject
Project("{FAE04EC0-301F-11D3-BF4B-00C04F79EFBC}") = "OpdrachtPizza", "OpdrachtPizza\OpdrachtPizza.csproj", "{71F37846-22E2-401B-B4CF-B94D11189442}"
EndProject
Project("{FAE04EC0-301F-11D3-BF4B-00C04F79EFBC}") = "HobbyLijst", "HobbyLijst\HobbyLijst.csproj", "{F6F9C91A-A4F1-4020-9DAD-CC0C42966543}"
EndProject
Project("{FAE04EC0-301F-11D3-BF4B-00C04F79EFBC}") = "OpdrachtTelefoon", "OpdrachtTelefoon\OpdrachtTelefoon.csproj", "{26595697-764C-409A-9C9B-3360A504A587}"
EndProject
Project("{FAE04EC0-301F-11D3-BF4B-00C04F79EFBC}") = "Bars", "Bars\Bars.csproj", "{B35B2402-1109-40EB-83E6-EF78B747AD63}"
EndProject
Project("{FAE04EC0-301F-11D3-BF4B-00C04F79EFBC}") = "OpdrachtParkingBon", "OpdrachtParkingBon\OpdrachtParkingBon.csproj", "{CB989CB0-409C-4A56-9684-8E0E183DDE48}"
EndProject
Project("{FAE04EC0-301F-11D3-BF4B-00C04F79EFBC}") = "KleurenKiezer", "KleurenKiezer\KleurenKiezer.csproj", "{B9FE000F-FAC5-44A3-9518-77A082D93BC1}"
EndProject
Project("{FAE04EC0-301F-11D3-BF4B-00C04F79EFBC}") = "DataBinding", "DataBinding\DataBinding.csproj", "{9FAFB223-1D9A-42DE-A9B5-3FA18336BB43}"
EndProject
Project("{FAE04EC0-301F-11D3-BF4B-00C04F79EFBC}") = "BloemSamenstelling", "BloemSamenstelling\BloemSamenstelling.csproj", "{D183000C-3B64-4EF0-816B-873D5B86D5CB}"
EndProject
Project("{FAE04EC0-301F-11D3-BF4B-00C04F79EFBC}") = "RegenboogDragDrop", "RegenboogDragDrop\RegenboogDragDrop.csproj", "{E6DABFC6-C093-460A-B210-7C2330371979}"
EndProject
Project("{FAE04EC0-301F-11D3-BF4B-00C04F79EFBC}") = "OpleidingenDragDrop", "OpleidingenDragDrop\OpleidingenDragDrop.csproj", "{880F9843-2F58-4CD2-84BE-B2A51F9C9C47}"
EndProject
Project("{FAE04EC0-301F-11D3-BF4B-00C04F79EFBC}") = "OpdrachtSchuifSpel", "OpdrachtSchuifSpel\OpdrachtSchuifSpel.csproj", "{09F2F140-3C6E-43F0-AC19-FF798A6116DF}"
EndProject
Global
	GlobalSection(SolutionConfigurationPlatforms) = preSolution
		Debug|Any CPU = Debug|Any CPU
		Release|Any CPU = Release|Any CPU
	EndGlobalSection
	GlobalSection(ProjectConfigurationPlatforms) = postSolution
		{2E39BCEE-B363-4974-A73F-02B3647CE4EB}.Debug|Any CPU.ActiveCfg = Debug|Any CPU
		{2E39BCEE-B363-4974-A73F-02B3647CE4EB}.Debug|Any CPU.Build.0 = Debug|Any CPU
		{2E39BCEE-B363-4974-A73F-02B3647CE4EB}.Release|Any CPU.ActiveCfg = Release|Any CPU
		{2E39BCEE-B363-4974-A73F-02B3647CE4EB}.Release|Any CPU.Build.0 = Release|Any CPU
		{EA293200-EDE8-47BF-832A-D7AB17F99C69}.Debug|Any CPU.ActiveCfg = Debug|Any CPU
		{EA293200-EDE8-47BF-832A-D7AB17F99C69}.Debug|Any CPU.Build.0 = Debug|Any CPU
		{EA293200-EDE8-47BF-832A-D7AB17F99C69}.Release|Any CPU.ActiveCfg = Release|Any CPU
		{EA293200-EDE8-47BF-832A-D7AB17F99C69}.Release|Any CPU.Build.0 = Release|Any CPU
		{D928DBAD-B3E7-4635-AE37-107C46124E1C}.Debug|Any CPU.ActiveCfg = Debug|Any CPU
		{D928DBAD-B3E7-4635-AE37-107C46124E1C}.Debug|Any CPU.Build.0 = Debug|Any CPU
		{D928DBAD-B3E7-4635-AE37-107C46124E1C}.Release|Any CPU.ActiveCfg = Release|Any CPU
		{D928DBAD-B3E7-4635-AE37-107C46124E1C}.Release|Any CPU.Build.0 = Release|Any CPU
		{9A1138B4-1920-4679-994C-FFF6BFA26EBF}.Debug|Any CPU.ActiveCfg = Debug|Any CPU
		{9A1138B4-1920-4679-994C-FFF6BFA26EBF}.Debug|Any CPU.Build.0 = Debug|Any CPU
		{9A1138B4-1920-4679-994C-FFF6BFA26EBF}.Release|Any CPU.ActiveCfg = Release|Any CPU
		{9A1138B4-1920-4679-994C-FFF6BFA26EBF}.Release|Any CPU.Build.0 = Release|Any CPU
		{71F37846-22E2-401B-B4CF-B94D11189442}.Debug|Any CPU.ActiveCfg = Debug|Any CPU
		{71F37846-22E2-401B-B4CF-B94D11189442}.Debug|Any CPU.Build.0 = Debug|Any CPU
		{71F37846-22E2-401B-B4CF-B94D11189442}.Release|Any CPU.ActiveCfg = Release|Any CPU
		{71F37846-22E2-401B-B4CF-B94D11189442}.Release|Any CPU.Build.0 = Release|Any CPU
		{F6F9C91A-A4F1-4020-9DAD-CC0C42966543}.Debug|Any CPU.ActiveCfg = Debug|Any CPU
		{F6F9C91A-A4F1-4020-9DAD-CC0C42966543}.Debug|Any CPU.Build.0 = Debug|Any CPU
		{F6F9C91A-A4F1-4020-9DAD-CC0C42966543}.Release|Any CPU.ActiveCfg = Release|Any CPU
		{F6F9C91A-A4F1-4020-9DAD-CC0C42966543}.Release|Any CPU.Build.0 = Release|Any CPU
		{26595697-764C-409A-9C9B-3360A504A587}.Debug|Any CPU.ActiveCfg = Debug|Any CPU
		{26595697-764C-409A-9C9B-3360A504A587}.Debug|Any CPU.Build.0 = Debug|Any CPU
		{26595697-764C-409A-9C9B-3360A504A587}.Release|Any CPU.ActiveCfg = Release|Any CPU
		{26595697-764C-409A-9C9B-3360A504A587}.Release|Any CPU.Build.0 = Release|Any CPU
		{B35B2402-1109-40EB-83E6-EF78B747AD63}.Debug|Any CPU.ActiveCfg = Debug|Any CPU
		{B35B2402-1109-40EB-83E6-EF78B747AD63}.Debug|Any CPU.Build.0 = Debug|Any CPU
		{B35B2402-1109-40EB-83E6-EF78B747AD63}.Release|Any CPU.ActiveCfg = Release|Any CPU
		{B35B2402-1109-40EB-83E6-EF78B747AD63}.Release|Any CPU.Build.0 = Release|Any CPU
		{CB989CB0-409C-4A56-9684-8E0E183DDE48}.Debug|Any CPU.ActiveCfg = Debug|Any CPU
		{CB989CB0-409C-4A56-9684-8E0E183DDE48}.Debug|Any CPU.Build.0 = Debug|Any CPU
		{CB989CB0-409C-4A56-9684-8E0E183DDE48}.Release|Any CPU.ActiveCfg = Release|Any CPU
		{CB989CB0-409C-4A56-9684-8E0E183DDE48}.Release|Any CPU.Build.0 = Release|Any CPU
		{B9FE000F-FAC5-44A3-9518-77A082D93BC1}.Debug|Any CPU.ActiveCfg = Debug|Any CPU
		{B9FE000F-FAC5-44A3-9518-77A082D93BC1}.Debug|Any CPU.Build.0 = Debug|Any CPU
		{B9FE000F-FAC5-44A3-9518-77A082D93BC1}.Release|Any CPU.ActiveCfg = Release|Any CPU
		{B9FE000F-FAC5-44A3-9518-77A082D93BC1}.Release|Any CPU.Build.0 = Release|Any CPU
		{9FAFB223-1D9A-42DE-A9B5-3FA18336BB43}.Debug|Any CPU.ActiveCfg = Debug|Any CPU
		{9FAFB223-1D9A-42DE-A9B5-3FA18336BB43}.Debug|Any CPU.Build.0 = Debug|Any CPU
		{9FAFB223-1D9A-42DE-A9B5-3FA18336BB43}.Release|Any CPU.ActiveCfg = Release|Any CPU
		{9FAFB223-1D9A-42DE-A9B5-3FA18336BB43}.Release|Any CPU.Build.0 = Release|Any CPU
		{D183000C-3B64-4EF0-816B-873D5B86D5CB}.Debug|Any CPU.ActiveCfg = Debug|Any CPU
		{D183000C-3B64-4EF0-816B-873D5B86D5CB}.Debug|Any CPU.Build.0 = Debug|Any CPU
		{D183000C-3B64-4EF0-816B-873D5B86D5CB}.Release|Any CPU.ActiveCfg = Release|Any CPU
		{D183000C-3B64-4EF0-816B-873D5B86D5CB}.Release|Any CPU.Build.0 = Release|Any CPU
		{E6DABFC6-C093-460A-B210-7C2330371979}.Debug|Any CPU.ActiveCfg = Debug|Any CPU
		{E6DABFC6-C093-460A-B210-7C2330371979}.Debug|Any CPU.Build.0 = Debug|Any CPU
		{E6DABFC6-C093-460A-B210-7C2330371979}.Release|Any CPU.ActiveCfg = Release|Any CPU
		{E6DABFC6-C093-460A-B210-7C2330371979}.Release|Any CPU.Build.0 = Release|Any CPU
		{880F9843-2F58-4CD2-84BE-B2A51F9C9C47}.Debug|Any CPU.ActiveCfg = Debug|Any CPU
		{880F9843-2F58-4CD2-84BE-B2A51F9C9C47}.Debug|Any CPU.Build.0 = Debug|Any CPU
		{880F9843-2F58-4CD2-84BE-B2A51F9C9C47}.Release|Any CPU.ActiveCfg = Release|Any CPU
		{880F9843-2F58-4CD2-84BE-B2A51F9C9C47}.Release|Any CPU.Build.0 = Release|Any CPU
		{09F2F140-3C6E-43F0-AC19-FF798A6116DF}.Debug|Any CPU.ActiveCfg = Debug|Any CPU
		{09F2F140-3C6E-43F0-AC19-FF798A6116DF}.Debug|Any CPU.Build.0 = Debug|Any CPU
		{09F2F140-3C6E-43F0-AC19-FF798A6116DF}.Release|Any CPU.ActiveCfg = Release|Any CPU
		{09F2F140-3C6E-43F0-AC19-FF798A6116DF}.Release|Any CPU.Build.0 = Release|Any CPU
	EndGlobalSection
	GlobalSection(SolutionProperties) = preSolution
		HideSolutionNode = FALSE
	EndGlobalSection
EndGlobal
